
Microsoft Visual Studio Solution File, Format Version 12.00
# Visual Studio Version 17
VisualStudioVersion = 17.3.32804.467
MinimumVisualStudioVersion = 10.0.40219.1
Project("{FAE04EC0-301F-11D3-BF4B-00C04F79EFBC}") = "Inventory Management System", "Inventory Management System\Inventory Management System.csproj", "{D0B50191-9480-4DA4-B88F-CF2325B9441B}"
EndProject
Global
	GlobalSection(SolutionConfigurationPlatforms) = preSolution
		Debug|Any CPU = Debug|Any CPU
		Release|Any CPU = Release|Any CPU
	EndGlobalSection
	GlobalSection(ProjectConfigurationPlatforms) = postSolution
		{D0B50191-9480-4DA4-B88F-CF2325B9441B}.Debug|Any CPU.ActiveCfg = Debug|Any CPU
		{D0B50191-9480-4DA4-B88F-CF2325B9441B}.Debug|Any CPU.Build.0 = Debug|Any CPU
		{D0B50191-9480-4DA4-B88F-CF2325B9441B}.Release|Any CPU.ActiveCfg = Release|Any CPU
		{D0B50191-9480-4DA4-B88F-CF2325B9441B}.Release|Any CPU.Build.0 = Release|Any CPU
	EndGlobalSection
	GlobalSection(SolutionProperties) = preSolution
		HideSolutionNode = FALSE
	EndGlobalSection
	GlobalSection(ExtensibilityGlobals) = postSolution
		SolutionGuid = {DCE43515-5235-4938-8C57-7EEE69007061}
	EndGlobalSection
EndGlobal
